{
  "name": "yield-farming",
  "version": "1.0.0",
  "lockfileVersion": 1,
  "requires": true,
  "dependencies": {
    "@openzeppelin/contracts": {
      "version": "2.5.1",
      "resolved": "https://registry.npmjs.org/@openzeppelin/contracts/-/contracts-2.5.1.tgz",
      "integrity": "sha512-qIy6tLx8rtybEsIOAlrM4J/85s2q2nPkDqj/Rx46VakBZ0LwtFhXIVub96LXHczQX0vaqmAueDqNPXtbSXSaYQ=="
    },
    "@studydefi/money-legos": {
      "version": "2.4.2",
      "resolved": "https://registry.npmjs.org/@studydefi/money-legos/-/money-legos-2.4.2.tgz",
      "integrity": "sha512-UFRI6dN0LPgK3l37/opK/VQTUYUYUpVTuXWLOtOtYeClT3OA4li/02oqKLjZX7l7AxxPTCIxzWlspBHLnp/FxQ==",
      "requires": {
        "@openzeppelin/contracts": "^2.5.0"
      }
    }
  }
}
